
Microsoft Visual Studio Solution File, Format Version 12.00
# Visual Studio Version 16
VisualStudioVersion = 16.0.30621.155
MinimumVisualStudioVersion = 10.0.40219.1
Project("{FAE04EC0-301F-11D3-BF4B-00C04F79EFBC}") = "Domain", "Domain\Domain.csproj", "{F92B2E35-AD0E-4C56-9C89-684FB4D19A31}"
EndProject
Project("{FAE04EC0-301F-11D3-BF4B-00C04F79EFBC}") = "Server", "Server\Server.csproj", "{C8773765-6078-444D-A98F-036533A566F9}"
EndProject
Project("{FAE04EC0-301F-11D3-BF4B-00C04F79EFBC}") = "Client", "Client\Client.csproj", "{1BBE604B-3BF5-41A2-B598-B4E438C6A047}"
EndProject
Global
	GlobalSection(SolutionConfigurationPlatforms) = preSolution
		Debug|Any CPU = Debug|Any CPU
		Release|Any CPU = Release|Any CPU
	EndGlobalSection
	GlobalSection(ProjectConfigurationPlatforms) = postSolution
		{F92B2E35-AD0E-4C56-9C89-684FB4D19A31}.Debug|Any CPU.ActiveCfg = Debug|Any CPU
		{F92B2E35-AD0E-4C56-9C89-684FB4D19A31}.Debug|Any CPU.Build.0 = Debug|Any CPU
		{F92B2E35-AD0E-4C56-9C89-684FB4D19A31}.Release|Any CPU.ActiveCfg = Release|Any CPU
		{F92B2E35-AD0E-4C56-9C89-684FB4D19A31}.Release|Any CPU.Build.0 = Release|Any CPU
		{C8773765-6078-444D-A98F-036533A566F9}.Debug|Any CPU.ActiveCfg = Debug|Any CPU
		{C8773765-6078-444D-A98F-036533A566F9}.Debug|Any CPU.Build.0 = Debug|Any CPU
		{C8773765-6078-444D-A98F-036533A566F9}.Release|Any CPU.ActiveCfg = Release|Any CPU
		{C8773765-6078-444D-A98F-036533A566F9}.Release|Any CPU.Build.0 = Release|Any CPU
		{1BBE604B-3BF5-41A2-B598-B4E438C6A047}.Debug|Any CPU.ActiveCfg = Debug|Any CPU
		{1BBE604B-3BF5-41A2-B598-B4E438C6A047}.Debug|Any CPU.Build.0 = Debug|Any CPU
		{1BBE604B-3BF5-41A2-B598-B4E438C6A047}.Release|Any CPU.ActiveCfg = Release|Any CPU
		{1BBE604B-3BF5-41A2-B598-B4E438C6A047}.Release|Any CPU.Build.0 = Release|Any CPU
	EndGlobalSection
	GlobalSection(SolutionProperties) = preSolution
		HideSolutionNode = FALSE
	EndGlobalSection
	GlobalSection(ExtensibilityGlobals) = postSolution
		SolutionGuid = {CE2581E0-7772-432A-98D7-DB33A87F4276}
	EndGlobalSection
EndGlobal
